
Microsoft Visual Studio Solution File, Format Version 12.00
# Visual Studio Version 16
VisualStudioVersion = 16.0.30907.101
MinimumVisualStudioVersion = 10.0.40219.1
Project("{FAE04EC0-301F-11D3-BF4B-00C04F79EFBC}") = "SimpleDataGrid", "SimpleDataGrid.csproj", "{007F6847-FA1D-45C5-9D12-84F943604AE2}"
EndProject
Global
	GlobalSection(SolutionConfigurationPlatforms) = preSolution
		Debug|Any CPU = Debug|Any CPU
		Release|Any CPU = Release|Any CPU
	EndGlobalSection
	GlobalSection(ProjectConfigurationPlatforms) = postSolution
		{007F6847-FA1D-45C5-9D12-84F943604AE2}.Debug|Any CPU.ActiveCfg = Debug|Any CPU
		{007F6847-FA1D-45C5-9D12-84F943604AE2}.Debug|Any CPU.Build.0 = Debug|Any CPU
		{007F6847-FA1D-45C5-9D12-84F943604AE2}.Release|Any CPU.ActiveCfg = Release|Any CPU
		{007F6847-FA1D-45C5-9D12-84F943604AE2}.Release|Any CPU.Build.0 = Release|Any CPU
	EndGlobalSection
	GlobalSection(SolutionProperties) = preSolution
		HideSolutionNode = FALSE
	EndGlobalSection
	GlobalSection(ExtensibilityGlobals) = postSolution
		SolutionGuid = {BF2A741B-A326-475C-8456-77AC2C57A78A}
	EndGlobalSection
EndGlobal
