
Microsoft Visual Studio Solution File, Format Version 12.00
# Visual Studio Version 16
VisualStudioVersion = 16.0.30907.101
MinimumVisualStudioVersion = 10.0.40219.1
Project("{9A19103F-16F7-4668-BE54-9A1E7A4F7556}") = "ConnectionBuilder", "ConnectionBuilder\ConnectionBuilder.csproj", "{EC6E1FFC-0076-4A45-B0C0-02A5AD3F85A1}"
EndProject
Global
	GlobalSection(SolutionConfigurationPlatforms) = preSolution
		Debug|Any CPU = Debug|Any CPU
		Release|Any CPU = Release|Any CPU
	EndGlobalSection
	GlobalSection(ProjectConfigurationPlatforms) = postSolution
		{EC6E1FFC-0076-4A45-B0C0-02A5AD3F85A1}.Debug|Any CPU.ActiveCfg = Debug|Any CPU
		{EC6E1FFC-0076-4A45-B0C0-02A5AD3F85A1}.Debug|Any CPU.Build.0 = Debug|Any CPU
		{EC6E1FFC-0076-4A45-B0C0-02A5AD3F85A1}.Release|Any CPU.ActiveCfg = Release|Any CPU
		{EC6E1FFC-0076-4A45-B0C0-02A5AD3F85A1}.Release|Any CPU.Build.0 = Release|Any CPU
	EndGlobalSection
	GlobalSection(SolutionProperties) = preSolution
		HideSolutionNode = FALSE
	EndGlobalSection
	GlobalSection(ExtensibilityGlobals) = postSolution
		SolutionGuid = {52095B61-DCEB-4BCE-B65C-F1D21D69D498}
	EndGlobalSection
EndGlobal
