
Microsoft Visual Studio Solution File, Format Version 12.00
# Visual Studio Version 17
VisualStudioVersion = 17.2.32602.215
MinimumVisualStudioVersion = 10.0.40219.1
Project("{FAE04EC0-301F-11D3-BF4B-00C04F79EFBC}") = "EventDemo", "EventDemo.csproj", "{A14E6165-FC60-428E-946C-24EDEF068CC3}"
EndProject
Global
	GlobalSection(SolutionConfigurationPlatforms) = preSolution
		Debug|Any CPU = Debug|Any CPU
		Release|Any CPU = Release|Any CPU
	EndGlobalSection
	GlobalSection(ProjectConfigurationPlatforms) = postSolution
		{A14E6165-FC60-428E-946C-24EDEF068CC3}.Debug|Any CPU.ActiveCfg = Debug|Any CPU
		{A14E6165-FC60-428E-946C-24EDEF068CC3}.Debug|Any CPU.Build.0 = Debug|Any CPU
		{A14E6165-FC60-428E-946C-24EDEF068CC3}.Release|Any CPU.ActiveCfg = Release|Any CPU
		{A14E6165-FC60-428E-946C-24EDEF068CC3}.Release|Any CPU.Build.0 = Release|Any CPU
	EndGlobalSection
	GlobalSection(SolutionProperties) = preSolution
		HideSolutionNode = FALSE
	EndGlobalSection
	GlobalSection(ExtensibilityGlobals) = postSolution
		SolutionGuid = {0C6D486C-7701-44C2-B875-33D83F78A5A0}
	EndGlobalSection
EndGlobal
